
Microsoft Visual Studio Solution File, Format Version 12.00
# Visual Studio Version 17
VisualStudioVersion = 17.4.33213.308
MinimumVisualStudioVersion = 10.0.40219.1
Project("{9A19103F-16F7-4668-BE54-9A1E7A4F7556}") = "P02_FootballBetting", "P02_FootballBetting\P02_FootballBetting.csproj", "{C2CA1578-6F6F-435C-8499-94DB10751EA3}"
EndProject
Project("{FAE04EC0-301F-11D3-BF4B-00C04F79EFBC}") = "P02_FootballBetting.Data", "P02_FootballBetting.Data\P02_FootballBetting.Data.csproj", "{9B4E0195-BF63-4EE5-9F61-2A6D8457BCB7}"
EndProject
Project("{FAE04EC0-301F-11D3-BF4B-00C04F79EFBC}") = "P02_FootballBetting.Data.Models", "P02_FootballBetting.Data.Models\P02_FootballBetting.Data.Models.csproj", "{5119E78C-BC51-45A9-917F-D44D3411F4C7}"
EndProject
Global
	GlobalSection(SolutionConfigurationPlatforms) = preSolution
		Debug|Any CPU = Debug|Any CPU
		Release|Any CPU = Release|Any CPU
	EndGlobalSection
	GlobalSection(ProjectConfigurationPlatforms) = postSolution
		{C2CA1578-6F6F-435C-8499-94DB10751EA3}.Debug|Any CPU.ActiveCfg = Debug|Any CPU
		{C2CA1578-6F6F-435C-8499-94DB10751EA3}.Debug|Any CPU.Build.0 = Debug|Any CPU
		{C2CA1578-6F6F-435C-8499-94DB10751EA3}.Release|Any CPU.ActiveCfg = Release|Any CPU
		{C2CA1578-6F6F-435C-8499-94DB10751EA3}.Release|Any CPU.Build.0 = Release|Any CPU
		{9B4E0195-BF63-4EE5-9F61-2A6D8457BCB7}.Debug|Any CPU.ActiveCfg = Debug|Any CPU
		{9B4E0195-BF63-4EE5-9F61-2A6D8457BCB7}.Debug|Any CPU.Build.0 = Debug|Any CPU
		{9B4E0195-BF63-4EE5-9F61-2A6D8457BCB7}.Release|Any CPU.ActiveCfg = Release|Any CPU
		{9B4E0195-BF63-4EE5-9F61-2A6D8457BCB7}.Release|Any CPU.Build.0 = Release|Any CPU
		{5119E78C-BC51-45A9-917F-D44D3411F4C7}.Debug|Any CPU.ActiveCfg = Debug|Any CPU
		{5119E78C-BC51-45A9-917F-D44D3411F4C7}.Debug|Any CPU.Build.0 = Debug|Any CPU
		{5119E78C-BC51-45A9-917F-D44D3411F4C7}.Release|Any CPU.ActiveCfg = Release|Any CPU
		{5119E78C-BC51-45A9-917F-D44D3411F4C7}.Release|Any CPU.Build.0 = Release|Any CPU
	EndGlobalSection
	GlobalSection(SolutionProperties) = preSolution
		HideSolutionNode = FALSE
	EndGlobalSection
	GlobalSection(ExtensibilityGlobals) = postSolution
		SolutionGuid = {D56FB0A5-146D-47B3-9685-D752B249362E}
	EndGlobalSection
EndGlobal
